
Microsoft Visual Studio Solution File, Format Version 12.00
# Visual Studio Version 17
VisualStudioVersion = 17.10.35122.118
MinimumVisualStudioVersion = 10.0.40219.1
Project("{9A19103F-16F7-4668-BE54-9A1E7A4F7556}") = "OpenAI.Playground.API", "OpenAI.Playground.API\OpenAI.Playground.API.csproj", "{682FC9BD-E80E-4AEF-8CC3-1AB02AC62C3A}"
EndProject
Project("{9A19103F-16F7-4668-BE54-9A1E7A4F7556}") = "OpenAI.Playground.Service", "OpenAI.Playground.Service\OpenAI.Playground.Service.csproj", "{6F913B63-88E3-4D39-B1F8-C424EB79F360}"
EndProject
Project("{9A19103F-16F7-4668-BE54-9A1E7A4F7556}") = "OpenAI.Playground.Repository", "OpenAI.Playground.Repository\OpenAI.Playground.Repository.csproj", "{B9C625BD-9A29-4E20-B1B1-4147DCAC7E3E}"
EndProject
Global
	GlobalSection(SolutionConfigurationPlatforms) = preSolution
		Debug|Any CPU = Debug|Any CPU
		Release|Any CPU = Release|Any CPU
	EndGlobalSection
	GlobalSection(ProjectConfigurationPlatforms) = postSolution
		{682FC9BD-E80E-4AEF-8CC3-1AB02AC62C3A}.Debug|Any CPU.ActiveCfg = Debug|Any CPU
		{682FC9BD-E80E-4AEF-8CC3-1AB02AC62C3A}.Debug|Any CPU.Build.0 = Debug|Any CPU
		{682FC9BD-E80E-4AEF-8CC3-1AB02AC62C3A}.Release|Any CPU.ActiveCfg = Release|Any CPU
		{682FC9BD-E80E-4AEF-8CC3-1AB02AC62C3A}.Release|Any CPU.Build.0 = Release|Any CPU
		{6F913B63-88E3-4D39-B1F8-C424EB79F360}.Debug|Any CPU.ActiveCfg = Debug|Any CPU
		{6F913B63-88E3-4D39-B1F8-C424EB79F360}.Debug|Any CPU.Build.0 = Debug|Any CPU
		{6F913B63-88E3-4D39-B1F8-C424EB79F360}.Release|Any CPU.ActiveCfg = Release|Any CPU
		{6F913B63-88E3-4D39-B1F8-C424EB79F360}.Release|Any CPU.Build.0 = Release|Any CPU
		{B9C625BD-9A29-4E20-B1B1-4147DCAC7E3E}.Debug|Any CPU.ActiveCfg = Debug|Any CPU
		{B9C625BD-9A29-4E20-B1B1-4147DCAC7E3E}.Debug|Any CPU.Build.0 = Debug|Any CPU
		{B9C625BD-9A29-4E20-B1B1-4147DCAC7E3E}.Release|Any CPU.ActiveCfg = Release|Any CPU
		{B9C625BD-9A29-4E20-B1B1-4147DCAC7E3E}.Release|Any CPU.Build.0 = Release|Any CPU
	EndGlobalSection
	GlobalSection(SolutionProperties) = preSolution
		HideSolutionNode = FALSE
	EndGlobalSection
	GlobalSection(ExtensibilityGlobals) = postSolution
		SolutionGuid = {9121D322-C2C2-4C88-B6BD-F3D670F55BAA}
	EndGlobalSection
EndGlobal
